
Microsoft Visual Studio Solution File, Format Version 12.00
Project("{FAE04EC0-301F-11D3-BF4B-00C04F79EFBC}") = "WebApplication1", "WebApplication1\WebApplication1.csproj", "{DE9BC36D-C12B-4179-B220-E5A4307DE8AA}"
EndProject
Project("{FAE04EC0-301F-11D3-BF4B-00C04F79EFBC}") = "BlazorApplication", "BlazorApplication\BlazorApplication.csproj", "{733568B1-88C5-4E09-9D8B-8A2E39AC2052}"
EndProject
Global
	GlobalSection(SolutionConfigurationPlatforms) = preSolution
		Debug|Any CPU = Debug|Any CPU
		Release|Any CPU = Release|Any CPU
	EndGlobalSection
	GlobalSection(ProjectConfigurationPlatforms) = postSolution
		{DE9BC36D-C12B-4179-B220-E5A4307DE8AA}.Debug|Any CPU.ActiveCfg = Debug|Any CPU
		{DE9BC36D-C12B-4179-B220-E5A4307DE8AA}.Debug|Any CPU.Build.0 = Debug|Any CPU
		{DE9BC36D-C12B-4179-B220-E5A4307DE8AA}.Release|Any CPU.ActiveCfg = Release|Any CPU
		{DE9BC36D-C12B-4179-B220-E5A4307DE8AA}.Release|Any CPU.Build.0 = Release|Any CPU
		{733568B1-88C5-4E09-9D8B-8A2E39AC2052}.Debug|Any CPU.ActiveCfg = Debug|Any CPU
		{733568B1-88C5-4E09-9D8B-8A2E39AC2052}.Debug|Any CPU.Build.0 = Debug|Any CPU
		{733568B1-88C5-4E09-9D8B-8A2E39AC2052}.Release|Any CPU.ActiveCfg = Release|Any CPU
		{733568B1-88C5-4E09-9D8B-8A2E39AC2052}.Release|Any CPU.Build.0 = Release|Any CPU
	EndGlobalSection
EndGlobal
